
Microsoft Visual Studio Solution File, Format Version 12.00
Project("{FAE04EC0-301F-11D3-BF4B-00C04F79EFBC}") = "WebApplication", "WebApplication\WebApplication.csproj", "{82EE9898-D5F0-434C-A3AD-301AC243E414}"
EndProject
Global
	GlobalSection(SolutionConfigurationPlatforms) = preSolution
		Debug|Any CPU = Debug|Any CPU
		Release|Any CPU = Release|Any CPU
	EndGlobalSection
	GlobalSection(ProjectConfigurationPlatforms) = postSolution
		{82EE9898-D5F0-434C-A3AD-301AC243E414}.Debug|Any CPU.ActiveCfg = Debug|Any CPU
		{82EE9898-D5F0-434C-A3AD-301AC243E414}.Debug|Any CPU.Build.0 = Debug|Any CPU
		{82EE9898-D5F0-434C-A3AD-301AC243E414}.Release|Any CPU.ActiveCfg = Release|Any CPU
		{82EE9898-D5F0-434C-A3AD-301AC243E414}.Release|Any CPU.Build.0 = Release|Any CPU
	EndGlobalSection
EndGlobal
