
Microsoft Visual Studio Solution File, Format Version 12.00
Project("{FAE04EC0-301F-11D3-BF4B-00C04F79EFBC}") = "Api", "Api\Api.csproj", "{119CE3AD-537C-4A18-9CEA-BE5F58DACF77}"
EndProject
Project("{FAE04EC0-301F-11D3-BF4B-00C04F79EFBC}") = "IdentityServer", "IdentityServer\IdentityServer.csproj", "{36952CF2-51AB-45F2-B75C-19BD3612A5F9}"
EndProject
Global
	GlobalSection(SolutionConfigurationPlatforms) = preSolution
		Debug|Any CPU = Debug|Any CPU
		Release|Any CPU = Release|Any CPU
	EndGlobalSection
	GlobalSection(ProjectConfigurationPlatforms) = postSolution
		{119CE3AD-537C-4A18-9CEA-BE5F58DACF77}.Debug|Any CPU.ActiveCfg = Debug|Any CPU
		{119CE3AD-537C-4A18-9CEA-BE5F58DACF77}.Debug|Any CPU.Build.0 = Debug|Any CPU
		{119CE3AD-537C-4A18-9CEA-BE5F58DACF77}.Release|Any CPU.ActiveCfg = Release|Any CPU
		{119CE3AD-537C-4A18-9CEA-BE5F58DACF77}.Release|Any CPU.Build.0 = Release|Any CPU
		{36952CF2-51AB-45F2-B75C-19BD3612A5F9}.Debug|Any CPU.ActiveCfg = Debug|Any CPU
		{36952CF2-51AB-45F2-B75C-19BD3612A5F9}.Debug|Any CPU.Build.0 = Debug|Any CPU
		{36952CF2-51AB-45F2-B75C-19BD3612A5F9}.Release|Any CPU.ActiveCfg = Release|Any CPU
		{36952CF2-51AB-45F2-B75C-19BD3612A5F9}.Release|Any CPU.Build.0 = Release|Any CPU
	EndGlobalSection
EndGlobal
